
Microsoft Visual Studio Solution File, Format Version 12.00
# Visual Studio Version 17
VisualStudioVersion = 17.7.34031.279
MinimumVisualStudioVersion = 10.0.40219.1
Project("{FAE04EC0-301F-11D3-BF4B-00C04F79EFBC}") = "mclarba", "mclarba.csproj", "{92E19B2D-C9B6-4DFC-A512-A0A69AB8D529}"
EndProject
Global
	GlobalSection(SolutionConfigurationPlatforms) = preSolution
		Debug|Any CPU = Debug|Any CPU
		Release|Any CPU = Release|Any CPU
	EndGlobalSection
	GlobalSection(ProjectConfigurationPlatforms) = postSolution
		{92E19B2D-C9B6-4DFC-A512-A0A69AB8D529}.Debug|Any CPU.ActiveCfg = Debug|Any CPU
		{92E19B2D-C9B6-4DFC-A512-A0A69AB8D529}.Debug|Any CPU.Build.0 = Debug|Any CPU
		{92E19B2D-C9B6-4DFC-A512-A0A69AB8D529}.Release|Any CPU.ActiveCfg = Release|Any CPU
		{92E19B2D-C9B6-4DFC-A512-A0A69AB8D529}.Release|Any CPU.Build.0 = Release|Any CPU
	EndGlobalSection
	GlobalSection(SolutionProperties) = preSolution
		HideSolutionNode = FALSE
	EndGlobalSection
	GlobalSection(ExtensibilityGlobals) = postSolution
		SolutionGuid = {A8E03A57-B25C-4348-81F3-B401ABB46253}
	EndGlobalSection
EndGlobal
